// !$*UTF8*$!
{
	archiveVersion = 1;
	classes = {
	};
	objectVersion = 56;
	objects = {

/* Begin PBXBuildFile section */
		AB03CAD5296CC4510006F39D /* CoreDataManager.swift in Sources */ = {isa = PBXBuildFile; fileRef = AB03CAD4296CC4500006F39D /* CoreDataManager.swift */; };
		AB22DCD8296C65A000C1780F /* UIColor+theme.swift in Sources */ = {isa = PBXBuildFile; fileRef = AB22DCD7296C65A000C1780F /* UIColor+theme.swift */; };
		AB22DCDA296C6D7700C1780F /* Company.swift in Sources */ = {isa = PBXBuildFile; fileRef = AB22DCD9296C6D7700C1780F /* Company.swift */; };
		ABA7349E296DC28200AFE84B /* CompanyCell.swift in Sources */ = {isa = PBXBuildFile; fileRef = ABA7349D296DC28200AFE84B /* CompanyCell.swift */; };
		ABA734A1296DC9DD00AFE84B /* CompaniesController+CreateCompany.swift in Sources */ = {isa = PBXBuildFile; fileRef = ABA734A0296DC9DD00AFE84B /* CompaniesController+CreateCompany.swift */; };
		ABA734A3296DCC6B00AFE84B /* CompaniesController+UITableView.swift in Sources */ = {isa = PBXBuildFile; fileRef = ABA734A2296DCC6B00AFE84B /* CompaniesController+UITableView.swift */; };
		ABA734A5296DD7BC00AFE84B /* EmployeesController.swift in Sources */ = {isa = PBXBuildFile; fileRef = ABA734A4296DD7BC00AFE84B /* EmployeesController.swift */; };
		ABA734A8296DD93800AFE84B /* UIViewController+Helpers.swift in Sources */ = {isa = PBXBuildFile; fileRef = ABA734A7296DD93800AFE84B /* UIViewController+Helpers.swift */; };
		ABA734AA296DDA8E00AFE84B /* CreateEmployeeController.swift in Sources */ = {isa = PBXBuildFile; fileRef = ABA734A9296DDA8E00AFE84B /* CreateEmployeeController.swift */; };
		ABC3B464296CB00A006F3515 /* CreateCompanyController.swift in Sources */ = {isa = PBXBuildFile; fileRef = ABC3B463296CB00A006F3515 /* CreateCompanyController.swift */; };
		ABC3B48A296CBD61006F3515 /* IntermediateTrainingModels.xcdatamodeld in Sources */ = {isa = PBXBuildFile; fileRef = ABC3B488296CBD61006F3515 /* IntermediateTrainingModels.xcdatamodeld */; };
		ABED6AFD296C514600329D34 /* AppDelegate.swift in Sources */ = {isa = PBXBuildFile; fileRef = ABED6AFC296C514600329D34 /* AppDelegate.swift */; };
		ABED6AFF296C514600329D34 /* SceneDelegate.swift in Sources */ = {isa = PBXBuildFile; fileRef = ABED6AFE296C514600329D34 /* SceneDelegate.swift */; };
		ABED6B01296C514600329D34 /* CompaniesController.swift in Sources */ = {isa = PBXBuildFile; fileRef = ABED6B00296C514600329D34 /* CompaniesController.swift */; };
		ABED6B06296C514700329D34 /* Assets.xcassets in Resources */ = {isa = PBXBuildFile; fileRef = ABED6B05296C514700329D34 /* Assets.xcassets */; };
		ABED6B09296C514700329D34 /* LaunchScreen.storyboard in Resources */ = {isa = PBXBuildFile; fileRef = ABED6B07296C514700329D34 /* LaunchScreen.storyboard */; };
/* End PBXBuildFile section */

/* Begin PBXFileReference section */
		AB03CAD4296CC4500006F39D /* CoreDataManager.swift */ = {isa = PBXFileReference; lastKnownFileType = sourcecode.swift; path = CoreDataManager.swift; sourceTree = "<group>"; };
		AB22DCD7296C65A000C1780F /* UIColor+theme.swift */ = {isa = PBXFileReference; lastKnownFileType = sourcecode.swift; path = "UIColor+theme.swift"; sourceTree = "<group>"; };
		AB22DCD9296C6D7700C1780F /* Company.swift */ = {isa = PBXFileReference; lastKnownFileType = sourcecode.swift; path = Company.swift; sourceTree = "<group>"; };
		ABA7349D296DC28200AFE84B /* CompanyCell.swift */ = {isa = PBXFileReference; lastKnownFileType = sourcecode.swift; path = CompanyCell.swift; sourceTree = "<group>"; };
		ABA734A0296DC9DD00AFE84B /* CompaniesController+CreateCompany.swift */ = {isa = PBXFileReference; lastKnownFileType = sourcecode.swift; path = "CompaniesController+CreateCompany.swift"; sourceTree = "<group>"; };
		ABA734A2296DCC6B00AFE84B /* CompaniesController+UITableView.swift */ = {isa = PBXFileReference; lastKnownFileType = sourcecode.swift; path = "CompaniesController+UITableView.swift"; sourceTree = "<group>"; };
		ABA734A4296DD7BC00AFE84B /* EmployeesController.swift */ = {isa = PBXFileReference; lastKnownFileType = sourcecode.swift; path = EmployeesController.swift; sourceTree = "<group>"; };
		ABA734A7296DD93800AFE84B /* UIViewController+Helpers.swift */ = {isa = PBXFileReference; lastKnownFileType = sourcecode.swift; path = "UIViewController+Helpers.swift"; sourceTree = "<group>"; };
		ABA734A9296DDA8E00AFE84B /* CreateEmployeeController.swift */ = {isa = PBXFileReference; lastKnownFileType = sourcecode.swift; path = CreateEmployeeController.swift; sourceTree = "<group>"; };
		ABC3B463296CB00A006F3515 /* CreateCompanyController.swift */ = {isa = PBXFileReference; lastKnownFileType = sourcecode.swift; path = CreateCompanyController.swift; sourceTree = "<group>"; };
		ABC3B489296CBD61006F3515 /* IntermediateTrainingModels.xcdatamodel */ = {isa = PBXFileReference; lastKnownFileType = wrapper.xcdatamodel; path = IntermediateTrainingModels.xcdatamodel; sourceTree = "<group>"; };
		ABED6AF9296C514600329D34 /* IntermediateTraining.app */ = {isa = PBXFileReference; explicitFileType = wrapper.application; includeInIndex = 0; path = IntermediateTraining.app; sourceTree = BUILT_PRODUCTS_DIR; };
		ABED6AFC296C514600329D34 /* AppDelegate.swift */ = {isa = PBXFileReference; lastKnownFileType = sourcecode.swift; path = AppDelegate.swift; sourceTree = "<group>"; };
		ABED6AFE296C514600329D34 /* SceneDelegate.swift */ = {isa = PBXFileReference; lastKnownFileType = sourcecode.swift; path = SceneDelegate.swift; sourceTree = "<group>"; };
		ABED6B00296C514600329D34 /* CompaniesController.swift */ = {isa = PBXFileReference; lastKnownFileType = sourcecode.swift; path = CompaniesController.swift; sourceTree = "<group>"; };
		ABED6B05296C514700329D34 /* Assets.xcassets */ = {isa = PBXFileReference; lastKnownFileType = folder.assetcatalog; path = Assets.xcassets; sourceTree = "<group>"; };
		ABED6B08296C514700329D34 /* Base */ = {isa = PBXFileReference; lastKnownFileType = file.storyboard; name = Base; path = Base.lproj/LaunchScreen.storyboard; sourceTree = "<group>"; };
		ABED6B0A296C514700329D34 /* Info.plist */ = {isa = PBXFileReference; lastKnownFileType = text.plist.xml; path = Info.plist; sourceTree = "<group>"; };
/* End PBXFileReference section */

/* Begin PBXFrameworksBuildPhase section */
		ABED6AF6296C514600329D34 /* Frameworks */ = {
			isa = PBXFrameworksBuildPhase;
			buildActionMask = 2147483647;
			files = (
			);
			runOnlyForDeploymentPostprocessing = 0;
		};
/* End PBXFrameworksBuildPhase section */

/* Begin PBXGroup section */
		AB14C24A296DE67600AB02B7 /* Employees */ = {
			isa = PBXGroup;
			children = (
				ABA734A4296DD7BC00AFE84B /* EmployeesController.swift */,
				ABA734A9296DDA8E00AFE84B /* CreateEmployeeController.swift */,
			);
			path = Employees;
			sourceTree = "<group>";
		};
		ABA7349F296DC38800AFE84B /* Company */ = {
			isa = PBXGroup;
			children = (
				AB14C24A296DE67600AB02B7 /* Employees */,
				ABA7349D296DC28200AFE84B /* CompanyCell.swift */,
				ABED6B00296C514600329D34 /* CompaniesController.swift */,
				ABA734A0296DC9DD00AFE84B /* CompaniesController+CreateCompany.swift */,
				ABC3B463296CB00A006F3515 /* CreateCompanyController.swift */,
				ABA734A2296DCC6B00AFE84B /* CompaniesController+UITableView.swift */,
			);
			path = Company;
			sourceTree = "<group>";
		};
		ABA734A6296DD92400AFE84B /* Helpers */ = {
			isa = PBXGroup;
			children = (
				AB22DCD7296C65A000C1780F /* UIColor+theme.swift */,
				ABA734A7296DD93800AFE84B /* UIViewController+Helpers.swift */,
			);
			path = Helpers;
			sourceTree = "<group>";
		};
		ABED6AF0296C514600329D34 = {
			isa = PBXGroup;
			children = (
				ABED6AFB296C514600329D34 /* IntermediateTraining */,
				ABED6AFA296C514600329D34 /* Products */,
			);
			sourceTree = "<group>";
		};
		ABED6AFA296C514600329D34 /* Products */ = {
			isa = PBXGroup;
			children = (
				ABED6AF9296C514600329D34 /* IntermediateTraining.app */,
			);
			name = Products;
			sourceTree = "<group>";
		};
		ABED6AFB296C514600329D34 /* IntermediateTraining */ = {
			isa = PBXGroup;
			children = (
				ABA734A6296DD92400AFE84B /* Helpers */,
				ABED6AFC296C514600329D34 /* AppDelegate.swift */,
				ABED6AFE296C514600329D34 /* SceneDelegate.swift */,
				ABA7349F296DC38800AFE84B /* Company */,
				ABED6B05296C514700329D34 /* Assets.xcassets */,
				ABED6B07296C514700329D34 /* LaunchScreen.storyboard */,
				ABED6B0A296C514700329D34 /* Info.plist */,
				AB22DCD9296C6D7700C1780F /* Company.swift */,
				ABC3B488296CBD61006F3515 /* IntermediateTrainingModels.xcdatamodeld */,
				AB03CAD4296CC4500006F39D /* CoreDataManager.swift */,
			);
			path = IntermediateTraining;
			sourceTree = "<group>";
		};
/* End PBXGroup section */

/* Begin PBXNativeTarget section */
		ABED6AF8296C514600329D34 /* IntermediateTraining */ = {
			isa = PBXNativeTarget;
			buildConfigurationList = ABED6B0D296C514700329D34 /* Build configuration list for PBXNativeTarget "IntermediateTraining" */;
			buildPhases = (
				ABED6AF5296C514600329D34 /* Sources */,
				ABED6AF6296C514600329D34 /* Frameworks */,
				ABED6AF7296C514600329D34 /* Resources */,
			);
			buildRules = (
			);
			dependencies = (
			);
			name = IntermediateTraining;
			productName = IntermediateTraining;
			productReference = ABED6AF9296C514600329D34 /* IntermediateTraining.app */;
			productType = "com.apple.product-type.application";
		};
/* End PBXNativeTarget section */

/* Begin PBXProject section */
		ABED6AF1296C514600329D34 /* Project object */ = {
			isa = PBXProject;
			attributes = {
				BuildIndependentTargetsInParallel = 1;
				LastSwiftUpdateCheck = 1420;
				LastUpgradeCheck = 1420;
				TargetAttributes = {
					ABED6AF8296C514600329D34 = {
						CreatedOnToolsVersion = 14.2;
					};
				};
			};
			buildConfigurationList = ABED6AF4296C514600329D34 /* Build configuration list for PBXProject "IntermediateTraining" */;
			compatibilityVersion = "Xcode 14.0";
			developmentRegion = en;
			hasScannedForEncodings = 0;
			knownRegions = (
				en,
				Base,
			);
			mainGroup = ABED6AF0296C514600329D34;
			productRefGroup = ABED6AFA296C514600329D34 /* Products */;
			projectDirPath = "";
			projectRoot = "";
			targets = (
				ABED6AF8296C514600329D34 /* IntermediateTraining */,
			);
		};
/* End PBXProject section */

/* Begin PBXResourcesBuildPhase section */
		ABED6AF7296C514600329D34 /* Resources */ = {
			isa = PBXResourcesBuildPhase;
			buildActionMask = 2147483647;
			files = (
				ABED6B09296C514700329D34 /* LaunchScreen.storyboard in Resources */,
				ABED6B06296C514700329D34 /* Assets.xcassets in Resources */,
			);
			runOnlyForDeploymentPostprocessing = 0;
		};
/* End PBXResourcesBuildPhase section */

/* Begin PBXSourcesBuildPhase section */
		ABED6AF5296C514600329D34 /* Sources */ = {
			isa = PBXSourcesBuildPhase;
			buildActionMask = 2147483647;
			files = (
				ABC3B48A296CBD61006F3515 /* IntermediateTrainingModels.xcdatamodeld in Sources */,
				ABA734AA296DDA8E00AFE84B /* CreateEmployeeController.swift in Sources */,
				ABA734A3296DCC6B00AFE84B /* CompaniesController+UITableView.swift in Sources */,
				ABED6B01296C514600329D34 /* CompaniesController.swift in Sources */,
				AB22DCD8296C65A000C1780F /* UIColor+theme.swift in Sources */,
				ABED6AFD296C514600329D34 /* AppDelegate.swift in Sources */,
				ABA7349E296DC28200AFE84B /* CompanyCell.swift in Sources */,
				AB22DCDA296C6D7700C1780F /* Company.swift in Sources */,
				ABA734A5296DD7BC00AFE84B /* EmployeesController.swift in Sources */,
				ABED6AFF296C514600329D34 /* SceneDelegate.swift in Sources */,
				AB03CAD5296CC4510006F39D /* CoreDataManager.swift in Sources */,
				ABC3B464296CB00A006F3515 /* CreateCompanyController.swift in Sources */,
				ABA734A1296DC9DD00AFE84B /* CompaniesController+CreateCompany.swift in Sources */,
				ABA734A8296DD93800AFE84B /* UIViewController+Helpers.swift in Sources */,
			);
			runOnlyForDeploymentPostprocessing = 0;
		};
/* End PBXSourcesBuildPhase section */

/* Begin PBXVariantGroup section */
		ABED6B07296C514700329D34 /* LaunchScreen.storyboard */ = {
			isa = PBXVariantGroup;
			children = (
				ABED6B08296C514700329D34 /* Base */,
			);
			name = LaunchScreen.storyboard;
			sourceTree = "<group>";
		};
/* End PBXVariantGroup section */

/* Begin XCBuildConfiguration section */
		ABED6B0B296C514700329D34 /* Debug */ = {
			isa = XCBuildConfiguration;
			buildSettings = {
				ALWAYS_SEARCH_USER_PATHS = NO;
				CLANG_ANALYZER_NONNULL = YES;
				CLANG_ANALYZER_NUMBER_OBJECT_CONVERSION = YES_AGGRESSIVE;
				CLANG_CXX_LANGUAGE_STANDARD = "gnu++20";
				CLANG_ENABLE_MODULES = YES;
				CLANG_ENABLE_OBJC_ARC = YES;
				CLANG_ENABLE_OBJC_WEAK = YES;
				CLANG_WARN_BLOCK_CAPTURE_AUTORELEASING = YES;
				CLANG_WARN_BOOL_CONVERSION = YES;
				CLANG_WARN_COMMA = YES;
				CLANG_WARN_CONSTANT_CONVERSION = YES;
				CLANG_WARN_DEPRECATED_OBJC_IMPLEMENTATIONS = YES;
				CLANG_WARN_DIRECT_OBJC_ISA_USAGE = YES_ERROR;
				CLANG_WARN_DOCUMENTATION_COMMENTS = YES;
				CLANG_WARN_EMPTY_BODY = YES;
				CLANG_WARN_ENUM_CONVERSION = YES;
				CLANG_WARN_INFINITE_RECURSION = YES;
				CLANG_WARN_INT_CONVERSION = YES;
				CLANG_WARN_NON_LITERAL_NULL_CONVERSION = YES;
				CLANG_WARN_OBJC_IMPLICIT_RETAIN_SELF = YES;
				CLANG_WARN_OBJC_LITERAL_CONVERSION = YES;
				CLANG_WARN_OBJC_ROOT_CLASS = YES_ERROR;
				CLANG_WARN_QUOTED_INCLUDE_IN_FRAMEWORK_HEADER = YES;
				CLANG_WARN_RANGE_LOOP_ANALYSIS = YES;
				CLANG_WARN_STRICT_PROTOTYPES = YES;
				CLANG_WARN_SUSPICIOUS_MOVE = YES;
				CLANG_WARN_UNGUARDED_AVAILABILITY = YES_AGGRESSIVE;
				CLANG_WARN_UNREACHABLE_CODE = YES;
				CLANG_WARN__DUPLICATE_METHOD_MATCH = YES;
				COPY_PHASE_STRIP = NO;
				DEBUG_INFORMATION_FORMAT = dwarf;
				ENABLE_STRICT_OBJC_MSGSEND = YES;
				ENABLE_TESTABILITY = YES;
				GCC_C_LANGUAGE_STANDARD = gnu11;
				GCC_DYNAMIC_NO_PIC = NO;
				GCC_NO_COMMON_BLOCKS = YES;
				GCC_OPTIMIZATION_LEVEL = 0;
				GCC_PREPROCESSOR_DEFINITIONS = (
					"DEBUG=1",
					"$(inherited)",
				);
				GCC_WARN_64_TO_32_BIT_CONVERSION = YES;
				GCC_WARN_ABOUT_RETURN_TYPE = YES_ERROR;
				GCC_WARN_UNDECLARED_SELECTOR = YES;
				GCC_WARN_UNINITIALIZED_AUTOS = YES_AGGRESSIVE;
				GCC_WARN_UNUSED_FUNCTION = YES;
				GCC_WARN_UNUSED_VARIABLE = YES;
				IPHONEOS_DEPLOYMENT_TARGET = 16.2;
				MTL_ENABLE_DEBUG_INFO = INCLUDE_SOURCE;
				MTL_FAST_MATH = YES;
				ONLY_ACTIVE_ARCH = YES;
				SDKROOT = iphoneos;
				SWIFT_ACTIVE_COMPILATION_CONDITIONS = DEBUG;
				SWIFT_OPTIMIZATION_LEVEL = "-Onone";
			};
			name = Debug;
		};
		ABED6B0C296C514700329D34 /* Release */ = {
			isa = XCBuildConfiguration;
			buildSettings = {
				ALWAYS_SEARCH_USER_PATHS = NO;
				CLANG_ANALYZER_NONNULL = YES;
				CLANG_ANALYZER_NUMBER_OBJECT_CONVERSION = YES_AGGRESSIVE;
				CLANG_CXX_LANGUAGE_STANDARD = "gnu++20";
				CLANG_ENABLE_MODULES = YES;
				CLANG_ENABLE_OBJC_ARC = YES;
				CLANG_ENABLE_OBJC_WEAK = YES;
				CLANG_WARN_BLOCK_CAPTURE_AUTORELEASING = YES;
				CLANG_WARN_BOOL_CONVERSION = YES;
				CLANG_WARN_COMMA = YES;
				CLANG_WARN_CONSTANT_CONVERSION = YES;
				CLANG_WARN_DEPRECATED_OBJC_IMPLEMENTATIONS = YES;
				CLANG_WARN_DIRECT_OBJC_ISA_USAGE = YES_ERROR;
				CLANG_WARN_DOCUMENTATION_COMMENTS = YES;
				CLANG_WARN_EMPTY_BODY = YES;
				CLANG_WARN_ENUM_CONVERSION = YES;
				CLANG_WARN_INFINITE_RECURSION = YES;
				CLANG_WARN_INT_CONVERSION = YES;
				CLANG_WARN_NON_LITERAL_NULL_CONVERSION = YES;
				CLANG_WARN_OBJC_IMPLICIT_RETAIN_SELF = YES;
				CLANG_WARN_OBJC_LITERAL_CONVERSION = YES;
				CLANG_WARN_OBJC_ROOT_CLASS = YES_ERROR;
				CLANG_WARN_QUOTED_INCLUDE_IN_FRAMEWORK_HEADER = YES;
				CLANG_WARN_RANGE_LOOP_ANALYSIS = YES;
				CLANG_WARN_STRICT_PROTOTYPES = YES;
				CLANG_WARN_SUSPICIOUS_MOVE = YES;
				CLANG_WARN_UNGUARDED_AVAILABILITY = YES_AGGRESSIVE;
				CLANG_WARN_UNREACHABLE_CODE = YES;
				CLANG_WARN__DUPLICATE_METHOD_MATCH = YES;
				COPY_PHASE_STRIP = NO;
				DEBUG_INFORMATION_FORMAT = "dwarf-with-dsym";
				ENABLE_NS_ASSERTIONS = NO;
				ENABLE_STRICT_OBJC_MSGSEND = YES;
				GCC_C_LANGUAGE_STANDARD = gnu11;
				GCC_NO_COMMON_BLOCKS = YES;
				GCC_WARN_64_TO_32_BIT_CONVERSION = YES;
				GCC_WARN_ABOUT_RETURN_TYPE = YES_ERROR;
				GCC_WARN_UNDECLARED_SELECTOR = YES;
				GCC_WARN_UNINITIALIZED_AUTOS = YES_AGGRESSIVE;
				GCC_WARN_UNUSED_FUNCTION = YES;
				GCC_WARN_UNUSED_VARIABLE = YES;
				IPHONEOS_DEPLOYMENT_TARGET = 16.2;
				MTL_ENABLE_DEBUG_INFO = NO;
				MTL_FAST_MATH = YES;
				SDKROOT = iphoneos;
				SWIFT_COMPILATION_MODE = wholemodule;
				SWIFT_OPTIMIZATION_LEVEL = "-O";
				VALIDATE_PRODUCT = YES;
			};
			name = Release;
		};
		ABED6B0E296C514700329D34 /* Debug */ = {
			isa = XCBuildConfiguration;
			buildSettings = {
				ASSETCATALOG_COMPILER_APPICON_NAME = AppIcon;
				ASSETCATALOG_COMPILER_GLOBAL_ACCENT_COLOR_NAME = AccentColor;
				CODE_SIGN_STYLE = Automatic;
				CURRENT_PROJECT_VERSION = 1;
				DEVELOPMENT_TEAM = V544T4J767;
				GENERATE_INFOPLIST_FILE = YES;
				INFOPLIST_FILE = IntermediateTraining/Info.plist;
				INFOPLIST_KEY_UIApplicationSupportsIndirectInputEvents = YES;
				INFOPLIST_KEY_UILaunchStoryboardName = LaunchScreen;
				INFOPLIST_KEY_UISupportedInterfaceOrientations_iPad = "UIInterfaceOrientationPortrait UIInterfaceOrientationPortraitUpsideDown UIInterfaceOrientationLandscapeLeft UIInterfaceOrientationLandscapeRight";
				INFOPLIST_KEY_UISupportedInterfaceOrientations_iPhone = "UIInterfaceOrientationPortrait UIInterfaceOrientationLandscapeLeft UIInterfaceOrientationLandscapeRight";
				LD_RUNPATH_SEARCH_PATHS = (
					"$(inherited)",
					"@executable_path/Frameworks",
				);
				MARKETING_VERSION = 1.0;
				PRODUCT_BUNDLE_IDENTIFIER = AK.IntermediateTraining;
				PRODUCT_NAME = "$(TARGET_NAME)";
				SWIFT_EMIT_LOC_STRINGS = YES;
				SWIFT_VERSION = 5.0;
				TARGETED_DEVICE_FAMILY = "1,2";
			};
			name = Debug;
		};
		ABED6B0F296C514700329D34 /* Release */ = {
			isa = XCBuildConfiguration;
			buildSettings = {
				ASSETCATALOG_COMPILER_APPICON_NAME = AppIcon;
				ASSETCATALOG_COMPILER_GLOBAL_ACCENT_COLOR_NAME = AccentColor;
				CODE_SIGN_STYLE = Automatic;
				CURRENT_PROJECT_VERSION = 1;
				DEVELOPMENT_TEAM = V544T4J767;
				GENERATE_INFOPLIST_FILE = YES;
				INFOPLIST_FILE = IntermediateTraining/Info.plist;
				INFOPLIST_KEY_UIApplicationSupportsIndirectInputEvents = YES;
				INFOPLIST_KEY_UILaunchStoryboardName = LaunchScreen;
				INFOPLIST_KEY_UISupportedInterfaceOrientations_iPad = "UIInterfaceOrientationPortrait UIInterfaceOrientationPortraitUpsideDown UIInterfaceOrientationLandscapeLeft UIInterfaceOrientationLandscapeRight";
				INFOPLIST_KEY_UISupportedInterfaceOrientations_iPhone = "UIInterfaceOrientationPortrait UIInterfaceOrientationLandscapeLeft UIInterfaceOrientationLandscapeRight";
				LD_RUNPATH_SEARCH_PATHS = (
					"$(inherited)",
					"@executable_path/Frameworks",
				);
				MARKETING_VERSION = 1.0;
				PRODUCT_BUNDLE_IDENTIFIER = AK.IntermediateTraining;
				PRODUCT_NAME = "$(TARGET_NAME)";
				SWIFT_EMIT_LOC_STRINGS = YES;
				SWIFT_VERSION = 5.0;
				TARGETED_DEVICE_FAMILY = "1,2";
			};
			name = Release;
		};
/* End XCBuildConfiguration section */

/* Begin XCConfigurationList section */
		ABED6AF4296C514600329D34 /* Build configuration list for PBXProject "IntermediateTraining" */ = {
			isa = XCConfigurationList;
			buildConfigurations = (
				ABED6B0B296C514700329D34 /* Debug */,
				ABED6B0C296C514700329D34 /* Release */,
			);
			defaultConfigurationIsVisible = 0;
			defaultConfigurationName = Release;
		};
		ABED6B0D296C514700329D34 /* Build configuration list for PBXNativeTarget "IntermediateTraining" */ = {
			isa = XCConfigurationList;
			buildConfigurations = (
				ABED6B0E296C514700329D34 /* Debug */,
				ABED6B0F296C514700329D34 /* Release */,
			);
			defaultConfigurationIsVisible = 0;
			defaultConfigurationName = Release;
		};
/* End XCConfigurationList section */

/* Begin XCVersionGroup section */
		ABC3B488296CBD61006F3515 /* IntermediateTrainingModels.xcdatamodeld */ = {
			isa = XCVersionGroup;
			children = (
				ABC3B489296CBD61006F3515 /* IntermediateTrainingModels.xcdatamodel */,
			);
			currentVersion = ABC3B489296CBD61006F3515 /* IntermediateTrainingModels.xcdatamodel */;
			path = IntermediateTrainingModels.xcdatamodeld;
			sourceTree = "<group>";
			versionGroupType = wrapper.xcdatamodel;
		};
/* End XCVersionGroup section */
	};
	rootObject = ABED6AF1296C514600329D34 /* Project object */;
}
